
Microsoft Visual Studio Solution File, Format Version 12.00
# Visual Studio 15
VisualStudioVersion = 15.0.27703.2018
MinimumVisualStudioVersion = 10.0.40219.1
Project("{FAE04EC0-301F-11D3-BF4B-00C04F79EFBC}") = "jQueryAjaxInAsp.NETMVC", "jQueryAjaxInAsp.NETMVC\jQueryAjaxInAsp.NETMVC.csproj", "{947510FA-72B4-4226-9139-78E6FEF1A858}"
EndProject
Global
	GlobalSection(SolutionConfigurationPlatforms) = preSolution
		Debug|Any CPU = Debug|Any CPU
		Release|Any CPU = Release|Any CPU
	EndGlobalSection
	GlobalSection(ProjectConfigurationPlatforms) = postSolution
		{947510FA-72B4-4226-9139-78E6FEF1A858}.Debug|Any CPU.ActiveCfg = Debug|Any CPU
		{947510FA-72B4-4226-9139-78E6FEF1A858}.Debug|Any CPU.Build.0 = Debug|Any CPU
		{947510FA-72B4-4226-9139-78E6FEF1A858}.Release|Any CPU.ActiveCfg = Release|Any CPU
		{947510FA-72B4-4226-9139-78E6FEF1A858}.Release|Any CPU.Build.0 = Release|Any CPU
	EndGlobalSection
	GlobalSection(SolutionProperties) = preSolution
		HideSolutionNode = FALSE
	EndGlobalSection
	GlobalSection(ExtensibilityGlobals) = postSolution
		SolutionGuid = {179A430D-6005-4E2D-93A8-575B61C4B0BA}
	EndGlobalSection
EndGlobal
